
Microsoft Visual Studio Solution File, Format Version 12.00
# Visual Studio 15
VisualStudioVersion = 15.0.28307.960
MinimumVisualStudioVersion = 10.0.40219.1
Project("{FAE04EC0-301F-11D3-BF4B-00C04F79EFBC}") = "Doctor Management", "Doctor Management\Doctor Management.csproj", "{09A2E15B-F706-464D-BB11-BF8B91B596C0}"
EndProject
Global
	GlobalSection(SolutionConfigurationPlatforms) = preSolution
		Debug|Any CPU = Debug|Any CPU
		Release|Any CPU = Release|Any CPU
	EndGlobalSection
	GlobalSection(ProjectConfigurationPlatforms) = postSolution
		{09A2E15B-F706-464D-BB11-BF8B91B596C0}.Debug|Any CPU.ActiveCfg = Debug|Any CPU
		{09A2E15B-F706-464D-BB11-BF8B91B596C0}.Debug|Any CPU.Build.0 = Debug|Any CPU
		{09A2E15B-F706-464D-BB11-BF8B91B596C0}.Release|Any CPU.ActiveCfg = Release|Any CPU
		{09A2E15B-F706-464D-BB11-BF8B91B596C0}.Release|Any CPU.Build.0 = Release|Any CPU
	EndGlobalSection
	GlobalSection(SolutionProperties) = preSolution
		HideSolutionNode = FALSE
	EndGlobalSection
	GlobalSection(ExtensibilityGlobals) = postSolution
		SolutionGuid = {BB399D40-5EC3-484B-B745-68625B6E45C4}
	EndGlobalSection
EndGlobal
